
Microsoft Visual Studio Solution File, Format Version 12.00
# Visual Studio Version 17
VisualStudioVersion = 17.6.33723.286
MinimumVisualStudioVersion = 10.0.40219.1
Project("{FAE04EC0-301F-11D3-BF4B-00C04F79EFBC}") = "CodeByVijaySir", "CodeByVijaySir\CodeByVijaySir.csproj", "{81DA779A-548B-4E5F-A855-2899BD829AB7}"
EndProject
Global
	GlobalSection(SolutionConfigurationPlatforms) = preSolution
		Debug|Any CPU = Debug|Any CPU
		Release|Any CPU = Release|Any CPU
	EndGlobalSection
	GlobalSection(ProjectConfigurationPlatforms) = postSolution
		{81DA779A-548B-4E5F-A855-2899BD829AB7}.Debug|Any CPU.ActiveCfg = Debug|Any CPU
		{81DA779A-548B-4E5F-A855-2899BD829AB7}.Debug|Any CPU.Build.0 = Debug|Any CPU
		{81DA779A-548B-4E5F-A855-2899BD829AB7}.Release|Any CPU.ActiveCfg = Release|Any CPU
		{81DA779A-548B-4E5F-A855-2899BD829AB7}.Release|Any CPU.Build.0 = Release|Any CPU
	EndGlobalSection
	GlobalSection(SolutionProperties) = preSolution
		HideSolutionNode = FALSE
	EndGlobalSection
	GlobalSection(ExtensibilityGlobals) = postSolution
		SolutionGuid = {66D9132D-24CC-48CA-9496-B524A5701397}
	EndGlobalSection
EndGlobal
