
Microsoft Visual Studio Solution File, Format Version 12.00
# Visual Studio Version 17
VisualStudioVersion = 17.6.33723.286
MinimumVisualStudioVersion = 10.0.40219.1
Project("{FAE04EC0-301F-11D3-BF4B-00C04F79EFBC}") = "NameSpace", "NameSpace\NameSpace.csproj", "{77E8E662-9845-4D7D-B50B-A42507684AFC}"
EndProject
Global
	GlobalSection(SolutionConfigurationPlatforms) = preSolution
		Debug|Any CPU = Debug|Any CPU
		Release|Any CPU = Release|Any CPU
	EndGlobalSection
	GlobalSection(ProjectConfigurationPlatforms) = postSolution
		{77E8E662-9845-4D7D-B50B-A42507684AFC}.Debug|Any CPU.ActiveCfg = Debug|Any CPU
		{77E8E662-9845-4D7D-B50B-A42507684AFC}.Debug|Any CPU.Build.0 = Debug|Any CPU
		{77E8E662-9845-4D7D-B50B-A42507684AFC}.Release|Any CPU.ActiveCfg = Release|Any CPU
		{77E8E662-9845-4D7D-B50B-A42507684AFC}.Release|Any CPU.Build.0 = Release|Any CPU
	EndGlobalSection
	GlobalSection(SolutionProperties) = preSolution
		HideSolutionNode = FALSE
	EndGlobalSection
	GlobalSection(ExtensibilityGlobals) = postSolution
		SolutionGuid = {A529456A-846B-41C9-A25C-AB622BC4D89B}
	EndGlobalSection
EndGlobal
