
Microsoft Visual Studio Solution File, Format Version 12.00
# Visual Studio Version 17
VisualStudioVersion = 17.6.33723.286
MinimumVisualStudioVersion = 10.0.40219.1
Project("{FAE04EC0-301F-11D3-BF4B-00C04F79EFBC}") = "GenericsExample", "GenericsExample\GenericsExample.csproj", "{33ADEF71-1370-470C-A263-38BE095753D4}"
EndProject
Project("{FAE04EC0-301F-11D3-BF4B-00C04F79EFBC}") = "GenricMethod", "GenricMethod\GenricMethod.csproj", "{C47B244D-C84A-4CE7-85F0-6916395CB922}"
EndProject
Project("{FAE04EC0-301F-11D3-BF4B-00C04F79EFBC}") = "GenricClass", "GenricClass\GenricClass.csproj", "{487AF554-8A70-4FB3-89F8-301341B26FC9}"
EndProject
Project("{FAE04EC0-301F-11D3-BF4B-00C04F79EFBC}") = "implementStack", "implementStack\implementStack.csproj", "{E324A3B9-69F2-4F47-A196-DA45EF4DC053}"
EndProject
Global
	GlobalSection(SolutionConfigurationPlatforms) = preSolution
		Debug|Any CPU = Debug|Any CPU
		Release|Any CPU = Release|Any CPU
	EndGlobalSection
	GlobalSection(ProjectConfigurationPlatforms) = postSolution
		{33ADEF71-1370-470C-A263-38BE095753D4}.Debug|Any CPU.ActiveCfg = Debug|Any CPU
		{33ADEF71-1370-470C-A263-38BE095753D4}.Debug|Any CPU.Build.0 = Debug|Any CPU
		{33ADEF71-1370-470C-A263-38BE095753D4}.Release|Any CPU.ActiveCfg = Release|Any CPU
		{33ADEF71-1370-470C-A263-38BE095753D4}.Release|Any CPU.Build.0 = Release|Any CPU
		{C47B244D-C84A-4CE7-85F0-6916395CB922}.Debug|Any CPU.ActiveCfg = Debug|Any CPU
		{C47B244D-C84A-4CE7-85F0-6916395CB922}.Debug|Any CPU.Build.0 = Debug|Any CPU
		{C47B244D-C84A-4CE7-85F0-6916395CB922}.Release|Any CPU.ActiveCfg = Release|Any CPU
		{C47B244D-C84A-4CE7-85F0-6916395CB922}.Release|Any CPU.Build.0 = Release|Any CPU
		{487AF554-8A70-4FB3-89F8-301341B26FC9}.Debug|Any CPU.ActiveCfg = Debug|Any CPU
		{487AF554-8A70-4FB3-89F8-301341B26FC9}.Debug|Any CPU.Build.0 = Debug|Any CPU
		{487AF554-8A70-4FB3-89F8-301341B26FC9}.Release|Any CPU.ActiveCfg = Release|Any CPU
		{487AF554-8A70-4FB3-89F8-301341B26FC9}.Release|Any CPU.Build.0 = Release|Any CPU
		{E324A3B9-69F2-4F47-A196-DA45EF4DC053}.Debug|Any CPU.ActiveCfg = Debug|Any CPU
		{E324A3B9-69F2-4F47-A196-DA45EF4DC053}.Debug|Any CPU.Build.0 = Debug|Any CPU
		{E324A3B9-69F2-4F47-A196-DA45EF4DC053}.Release|Any CPU.ActiveCfg = Release|Any CPU
		{E324A3B9-69F2-4F47-A196-DA45EF4DC053}.Release|Any CPU.Build.0 = Release|Any CPU
	EndGlobalSection
	GlobalSection(SolutionProperties) = preSolution
		HideSolutionNode = FALSE
	EndGlobalSection
	GlobalSection(ExtensibilityGlobals) = postSolution
		SolutionGuid = {68671F3B-AD96-4A58-8E33-746158E381ED}
	EndGlobalSection
EndGlobal
