
Microsoft Visual Studio Solution File, Format Version 12.00
# Visual Studio Version 17
VisualStudioVersion = 17.6.33723.286
MinimumVisualStudioVersion = 10.0.40219.1
Project("{FAE04EC0-301F-11D3-BF4B-00C04F79EFBC}") = "Indexer", "Indexer\Indexer.csproj", "{FE67083E-184C-408D-A846-771BCDC32540}"
EndProject
Global
	GlobalSection(SolutionConfigurationPlatforms) = preSolution
		Debug|Any CPU = Debug|Any CPU
		Release|Any CPU = Release|Any CPU
	EndGlobalSection
	GlobalSection(ProjectConfigurationPlatforms) = postSolution
		{FE67083E-184C-408D-A846-771BCDC32540}.Debug|Any CPU.ActiveCfg = Debug|Any CPU
		{FE67083E-184C-408D-A846-771BCDC32540}.Debug|Any CPU.Build.0 = Debug|Any CPU
		{FE67083E-184C-408D-A846-771BCDC32540}.Release|Any CPU.ActiveCfg = Release|Any CPU
		{FE67083E-184C-408D-A846-771BCDC32540}.Release|Any CPU.Build.0 = Release|Any CPU
	EndGlobalSection
	GlobalSection(SolutionProperties) = preSolution
		HideSolutionNode = FALSE
	EndGlobalSection
	GlobalSection(ExtensibilityGlobals) = postSolution
		SolutionGuid = {D0022B27-139F-4669-B0C2-63B5B0FC9324}
	EndGlobalSection
EndGlobal
