
Microsoft Visual Studio Solution File, Format Version 12.00
# Visual Studio Version 17
VisualStudioVersion = 17.6.33723.286
MinimumVisualStudioVersion = 10.0.40219.1
Project("{FAE04EC0-301F-11D3-BF4B-00C04F79EFBC}") = "Loops", "Loops\Loops.csproj", "{88905F16-28C4-45BE-AF53-F0EDABFBAB0C}"
EndProject
Global
	GlobalSection(SolutionConfigurationPlatforms) = preSolution
		Debug|Any CPU = Debug|Any CPU
		Release|Any CPU = Release|Any CPU
	EndGlobalSection
	GlobalSection(ProjectConfigurationPlatforms) = postSolution
		{88905F16-28C4-45BE-AF53-F0EDABFBAB0C}.Debug|Any CPU.ActiveCfg = Debug|Any CPU
		{88905F16-28C4-45BE-AF53-F0EDABFBAB0C}.Debug|Any CPU.Build.0 = Debug|Any CPU
		{88905F16-28C4-45BE-AF53-F0EDABFBAB0C}.Release|Any CPU.ActiveCfg = Release|Any CPU
		{88905F16-28C4-45BE-AF53-F0EDABFBAB0C}.Release|Any CPU.Build.0 = Release|Any CPU
	EndGlobalSection
	GlobalSection(SolutionProperties) = preSolution
		HideSolutionNode = FALSE
	EndGlobalSection
	GlobalSection(ExtensibilityGlobals) = postSolution
		SolutionGuid = {24FDF6D0-867D-46C5-B96D-688EE5C8C26E}
	EndGlobalSection
EndGlobal
