
Microsoft Visual Studio Solution File, Format Version 12.00
# Visual Studio Version 17
VisualStudioVersion = 17.6.33723.286
MinimumVisualStudioVersion = 10.0.40219.1
Project("{FAE04EC0-301F-11D3-BF4B-00C04F79EFBC}") = "SealedClass", "SealedClass\SealedClass.csproj", "{5F23A071-C625-4579-ABE8-0F53D3484560}"
EndProject
Global
	GlobalSection(SolutionConfigurationPlatforms) = preSolution
		Debug|Any CPU = Debug|Any CPU
		Release|Any CPU = Release|Any CPU
	EndGlobalSection
	GlobalSection(ProjectConfigurationPlatforms) = postSolution
		{5F23A071-C625-4579-ABE8-0F53D3484560}.Debug|Any CPU.ActiveCfg = Debug|Any CPU
		{5F23A071-C625-4579-ABE8-0F53D3484560}.Debug|Any CPU.Build.0 = Debug|Any CPU
		{5F23A071-C625-4579-ABE8-0F53D3484560}.Release|Any CPU.ActiveCfg = Release|Any CPU
		{5F23A071-C625-4579-ABE8-0F53D3484560}.Release|Any CPU.Build.0 = Release|Any CPU
	EndGlobalSection
	GlobalSection(SolutionProperties) = preSolution
		HideSolutionNode = FALSE
	EndGlobalSection
	GlobalSection(ExtensibilityGlobals) = postSolution
		SolutionGuid = {D2847F21-82DD-4B73-AF32-05B5E53997A6}
	EndGlobalSection
EndGlobal
