
Microsoft Visual Studio Solution File, Format Version 12.00
# Visual Studio Version 17
VisualStudioVersion = 17.6.33723.286
MinimumVisualStudioVersion = 10.0.40219.1
Project("{FAE04EC0-301F-11D3-BF4B-00C04F79EFBC}") = "MulticastDelegates", "MulticastDelegates\MulticastDelegates.csproj", "{8A741636-240A-4BFC-AD45-09853506DC1D}"
EndProject
Global
	GlobalSection(SolutionConfigurationPlatforms) = preSolution
		Debug|Any CPU = Debug|Any CPU
		Release|Any CPU = Release|Any CPU
	EndGlobalSection
	GlobalSection(ProjectConfigurationPlatforms) = postSolution
		{8A741636-240A-4BFC-AD45-09853506DC1D}.Debug|Any CPU.ActiveCfg = Debug|Any CPU
		{8A741636-240A-4BFC-AD45-09853506DC1D}.Debug|Any CPU.Build.0 = Debug|Any CPU
		{8A741636-240A-4BFC-AD45-09853506DC1D}.Release|Any CPU.ActiveCfg = Release|Any CPU
		{8A741636-240A-4BFC-AD45-09853506DC1D}.Release|Any CPU.Build.0 = Release|Any CPU
	EndGlobalSection
	GlobalSection(SolutionProperties) = preSolution
		HideSolutionNode = FALSE
	EndGlobalSection
	GlobalSection(ExtensibilityGlobals) = postSolution
		SolutionGuid = {90148DAA-C3C0-40C7-8352-DAC6845EBC2F}
	EndGlobalSection
EndGlobal
