
Microsoft Visual Studio Solution File, Format Version 12.00
# Visual Studio Version 17
VisualStudioVersion = 17.6.33723.286
MinimumVisualStudioVersion = 10.0.40219.1
Project("{9A19103F-16F7-4668-BE54-9A1E7A4F7556}") = "NonGenricCollections", "NonGenricCollections\NonGenricCollections.csproj", "{B1D421A5-B769-44EB-BF32-1C16704F3F85}"
EndProject
Project("{9A19103F-16F7-4668-BE54-9A1E7A4F7556}") = "NGHashTable", "NGHashTable\NGHashTable.csproj", "{8FF874E6-705F-4E62-BB1A-330E301ECE8D}"
EndProject
Project("{9A19103F-16F7-4668-BE54-9A1E7A4F7556}") = "SortedList", "SortedList\SortedList.csproj", "{5F29D1AA-5856-4204-8EEA-689D3A579068}"
EndProject
Project("{9A19103F-16F7-4668-BE54-9A1E7A4F7556}") = "StackExample", "StackExample\StackExample.csproj", "{74CBB99B-8430-4602-A9A7-FBEF009A4046}"
EndProject
Project("{FAE04EC0-301F-11D3-BF4B-00C04F79EFBC}") = "ProgramKey", "ProgramKey\ProgramKey.csproj", "{5685809B-5E4C-4D07-BB30-D4C8D61F1BBC}"
EndProject
Global
	GlobalSection(SolutionConfigurationPlatforms) = preSolution
		Debug|Any CPU = Debug|Any CPU
		Release|Any CPU = Release|Any CPU
	EndGlobalSection
	GlobalSection(ProjectConfigurationPlatforms) = postSolution
		{B1D421A5-B769-44EB-BF32-1C16704F3F85}.Debug|Any CPU.ActiveCfg = Debug|Any CPU
		{B1D421A5-B769-44EB-BF32-1C16704F3F85}.Debug|Any CPU.Build.0 = Debug|Any CPU
		{B1D421A5-B769-44EB-BF32-1C16704F3F85}.Release|Any CPU.ActiveCfg = Release|Any CPU
		{B1D421A5-B769-44EB-BF32-1C16704F3F85}.Release|Any CPU.Build.0 = Release|Any CPU
		{8FF874E6-705F-4E62-BB1A-330E301ECE8D}.Debug|Any CPU.ActiveCfg = Debug|Any CPU
		{8FF874E6-705F-4E62-BB1A-330E301ECE8D}.Debug|Any CPU.Build.0 = Debug|Any CPU
		{8FF874E6-705F-4E62-BB1A-330E301ECE8D}.Release|Any CPU.ActiveCfg = Release|Any CPU
		{8FF874E6-705F-4E62-BB1A-330E301ECE8D}.Release|Any CPU.Build.0 = Release|Any CPU
		{5F29D1AA-5856-4204-8EEA-689D3A579068}.Debug|Any CPU.ActiveCfg = Debug|Any CPU
		{5F29D1AA-5856-4204-8EEA-689D3A579068}.Debug|Any CPU.Build.0 = Debug|Any CPU
		{5F29D1AA-5856-4204-8EEA-689D3A579068}.Release|Any CPU.ActiveCfg = Release|Any CPU
		{5F29D1AA-5856-4204-8EEA-689D3A579068}.Release|Any CPU.Build.0 = Release|Any CPU
		{74CBB99B-8430-4602-A9A7-FBEF009A4046}.Debug|Any CPU.ActiveCfg = Debug|Any CPU
		{74CBB99B-8430-4602-A9A7-FBEF009A4046}.Debug|Any CPU.Build.0 = Debug|Any CPU
		{74CBB99B-8430-4602-A9A7-FBEF009A4046}.Release|Any CPU.ActiveCfg = Release|Any CPU
		{74CBB99B-8430-4602-A9A7-FBEF009A4046}.Release|Any CPU.Build.0 = Release|Any CPU
		{5685809B-5E4C-4D07-BB30-D4C8D61F1BBC}.Debug|Any CPU.ActiveCfg = Debug|Any CPU
		{5685809B-5E4C-4D07-BB30-D4C8D61F1BBC}.Debug|Any CPU.Build.0 = Debug|Any CPU
		{5685809B-5E4C-4D07-BB30-D4C8D61F1BBC}.Release|Any CPU.ActiveCfg = Release|Any CPU
		{5685809B-5E4C-4D07-BB30-D4C8D61F1BBC}.Release|Any CPU.Build.0 = Release|Any CPU
	EndGlobalSection
	GlobalSection(SolutionProperties) = preSolution
		HideSolutionNode = FALSE
	EndGlobalSection
	GlobalSection(ExtensibilityGlobals) = postSolution
		SolutionGuid = {43AE709B-9E18-487F-89B0-5435CB512C44}
	EndGlobalSection
EndGlobal
