
Microsoft Visual Studio Solution File, Format Version 12.00
# Visual Studio Version 17
VisualStudioVersion = 17.6.33723.286
MinimumVisualStudioVersion = 10.0.40219.1
Project("{FAE04EC0-301F-11D3-BF4B-00C04F79EFBC}") = "Delegates", "Delegates\Delegates.csproj", "{43077FEE-A016-4A03-9CC2-37C3018DAA80}"
EndProject
Global
	GlobalSection(SolutionConfigurationPlatforms) = preSolution
		Debug|Any CPU = Debug|Any CPU
		Release|Any CPU = Release|Any CPU
	EndGlobalSection
	GlobalSection(ProjectConfigurationPlatforms) = postSolution
		{43077FEE-A016-4A03-9CC2-37C3018DAA80}.Debug|Any CPU.ActiveCfg = Debug|Any CPU
		{43077FEE-A016-4A03-9CC2-37C3018DAA80}.Debug|Any CPU.Build.0 = Debug|Any CPU
		{43077FEE-A016-4A03-9CC2-37C3018DAA80}.Release|Any CPU.ActiveCfg = Release|Any CPU
		{43077FEE-A016-4A03-9CC2-37C3018DAA80}.Release|Any CPU.Build.0 = Release|Any CPU
	EndGlobalSection
	GlobalSection(SolutionProperties) = preSolution
		HideSolutionNode = FALSE
	EndGlobalSection
	GlobalSection(ExtensibilityGlobals) = postSolution
		SolutionGuid = {2887EE6F-5ED5-4F0B-95BF-A093F7A70941}
	EndGlobalSection
EndGlobal
