
Microsoft Visual Studio Solution File, Format Version 12.00
# Visual Studio Version 17
VisualStudioVersion = 17.6.33723.286
MinimumVisualStudioVersion = 10.0.40219.1
Project("{FAE04EC0-301F-11D3-BF4B-00C04F79EFBC}") = "ConditionalStatement", "ConditionalStatement\ConditionalStatement.csproj", "{8F23F315-C41A-4F53-B176-03E031B0CA0E}"
EndProject
Global
	GlobalSection(SolutionConfigurationPlatforms) = preSolution
		Debug|Any CPU = Debug|Any CPU
		Release|Any CPU = Release|Any CPU
	EndGlobalSection
	GlobalSection(ProjectConfigurationPlatforms) = postSolution
		{8F23F315-C41A-4F53-B176-03E031B0CA0E}.Debug|Any CPU.ActiveCfg = Debug|Any CPU
		{8F23F315-C41A-4F53-B176-03E031B0CA0E}.Debug|Any CPU.Build.0 = Debug|Any CPU
		{8F23F315-C41A-4F53-B176-03E031B0CA0E}.Release|Any CPU.ActiveCfg = Release|Any CPU
		{8F23F315-C41A-4F53-B176-03E031B0CA0E}.Release|Any CPU.Build.0 = Release|Any CPU
	EndGlobalSection
	GlobalSection(SolutionProperties) = preSolution
		HideSolutionNode = FALSE
	EndGlobalSection
	GlobalSection(ExtensibilityGlobals) = postSolution
		SolutionGuid = {E54FC94B-2A07-435A-AE9B-02D78EDE8C96}
	EndGlobalSection
EndGlobal
