
Microsoft Visual Studio Solution File, Format Version 12.00
# Visual Studio Version 17
VisualStudioVersion = 17.6.33723.286
MinimumVisualStudioVersion = 10.0.40219.1
Project("{9A19103F-16F7-4668-BE54-9A1E7A4F7556}") = "StanderQueryExample", "StanderQueryExample\StanderQueryExample.csproj", "{9CD14B99-175F-4021-A81D-30D914653405}"
EndProject
Project("{9A19103F-16F7-4668-BE54-9A1E7A4F7556}") = "OrderByAndThenBy", "OrderByAndThenBy\OrderByAndThenBy.csproj", "{A1138DC0-563A-453F-9697-20956D03A51A}"
EndProject
Project("{9A19103F-16F7-4668-BE54-9A1E7A4F7556}") = "ThenByExamples", "ThenByExamples\ThenByExamples.csproj", "{A6A3431B-86F0-4145-89AC-15E3FB292BA8}"
EndProject
Project("{9A19103F-16F7-4668-BE54-9A1E7A4F7556}") = "SelectExamples", "SelectExamples\SelectExamples.csproj", "{287B5C2B-EE5D-413F-8327-C7C55C6D5024}"
EndProject
Project("{9A19103F-16F7-4668-BE54-9A1E7A4F7556}") = "ElementAtORElementDefult", "ElementAtORElementDefult\ElementAtORElementDefult.csproj", "{D4A0F1CC-F52D-4FF8-83BE-D09531457C4A}"
EndProject
Project("{9A19103F-16F7-4668-BE54-9A1E7A4F7556}") = "FirstAndFirstDefult", "FirstAndFirstDefult\FirstAndFirstDefult.csproj", "{3D847980-DA4A-44C2-BDF9-330AE7DD56D2}"
EndProject
Project("{9A19103F-16F7-4668-BE54-9A1E7A4F7556}") = "LastAndLastORDEfualt", "LastAndLastORDEfualt\LastAndLastORDEfualt.csproj", "{82CFC825-24BC-46A7-8306-1143F19650ED}"
EndProject
Project("{9A19103F-16F7-4668-BE54-9A1E7A4F7556}") = "codingQuestion", "codingQuestion\codingQuestion.csproj", "{80DB6523-A893-423F-AA87-9D08DDBCA53F}"
EndProject
Project("{9A19103F-16F7-4668-BE54-9A1E7A4F7556}") = "SinleAndSinfleORdefrult", "SinleAndSinfleORdefrult\SinleAndSinfleORdefrult.csproj", "{6A3F00DC-E131-4953-963A-47C35EA47620}"
EndProject
Project("{9A19103F-16F7-4668-BE54-9A1E7A4F7556}") = "ContainsExamples", "ContainsExamples\ContainsExamples.csproj", "{DF5DCBA2-D089-45CC-9E86-BC861F0129E9}"
EndProject
Project("{9A19103F-16F7-4668-BE54-9A1E7A4F7556}") = "AnyExample", "AnyExample\AnyExample.csproj", "{9FD88B2D-4E68-4F0D-A6D9-BCDC5DF9E705}"
EndProject
Project("{9A19103F-16F7-4668-BE54-9A1E7A4F7556}") = "ContainsSubstring", "ContainsSubstring\ContainsSubstring.csproj", "{45F5F589-95E5-47EF-98C0-804C9DEB82C5}"
EndProject
Project("{FAE04EC0-301F-11D3-BF4B-00C04F79EFBC}") = "GroupbyExample", "GroupbyExample\GroupbyExample.csproj", "{7D80F8B4-9A94-4464-98F7-9323372E40F0}"
EndProject
Project("{FAE04EC0-301F-11D3-BF4B-00C04F79EFBC}") = "AggregrateFunctionExamples", "AggregrateFunctionExamples\AggregrateFunctionExamples.csproj", "{E40ED5BD-6464-4008-8443-FF19558C7F05}"
EndProject
Global
	GlobalSection(SolutionConfigurationPlatforms) = preSolution
		Debug|Any CPU = Debug|Any CPU
		Release|Any CPU = Release|Any CPU
	EndGlobalSection
	GlobalSection(ProjectConfigurationPlatforms) = postSolution
		{9CD14B99-175F-4021-A81D-30D914653405}.Debug|Any CPU.ActiveCfg = Debug|Any CPU
		{9CD14B99-175F-4021-A81D-30D914653405}.Debug|Any CPU.Build.0 = Debug|Any CPU
		{9CD14B99-175F-4021-A81D-30D914653405}.Release|Any CPU.ActiveCfg = Release|Any CPU
		{9CD14B99-175F-4021-A81D-30D914653405}.Release|Any CPU.Build.0 = Release|Any CPU
		{A1138DC0-563A-453F-9697-20956D03A51A}.Debug|Any CPU.ActiveCfg = Debug|Any CPU
		{A1138DC0-563A-453F-9697-20956D03A51A}.Debug|Any CPU.Build.0 = Debug|Any CPU
		{A1138DC0-563A-453F-9697-20956D03A51A}.Release|Any CPU.ActiveCfg = Release|Any CPU
		{A1138DC0-563A-453F-9697-20956D03A51A}.Release|Any CPU.Build.0 = Release|Any CPU
		{A6A3431B-86F0-4145-89AC-15E3FB292BA8}.Debug|Any CPU.ActiveCfg = Debug|Any CPU
		{A6A3431B-86F0-4145-89AC-15E3FB292BA8}.Debug|Any CPU.Build.0 = Debug|Any CPU
		{A6A3431B-86F0-4145-89AC-15E3FB292BA8}.Release|Any CPU.ActiveCfg = Release|Any CPU
		{A6A3431B-86F0-4145-89AC-15E3FB292BA8}.Release|Any CPU.Build.0 = Release|Any CPU
		{287B5C2B-EE5D-413F-8327-C7C55C6D5024}.Debug|Any CPU.ActiveCfg = Debug|Any CPU
		{287B5C2B-EE5D-413F-8327-C7C55C6D5024}.Debug|Any CPU.Build.0 = Debug|Any CPU
		{287B5C2B-EE5D-413F-8327-C7C55C6D5024}.Release|Any CPU.ActiveCfg = Release|Any CPU
		{287B5C2B-EE5D-413F-8327-C7C55C6D5024}.Release|Any CPU.Build.0 = Release|Any CPU
		{D4A0F1CC-F52D-4FF8-83BE-D09531457C4A}.Debug|Any CPU.ActiveCfg = Debug|Any CPU
		{D4A0F1CC-F52D-4FF8-83BE-D09531457C4A}.Debug|Any CPU.Build.0 = Debug|Any CPU
		{D4A0F1CC-F52D-4FF8-83BE-D09531457C4A}.Release|Any CPU.ActiveCfg = Release|Any CPU
		{D4A0F1CC-F52D-4FF8-83BE-D09531457C4A}.Release|Any CPU.Build.0 = Release|Any CPU
		{3D847980-DA4A-44C2-BDF9-330AE7DD56D2}.Debug|Any CPU.ActiveCfg = Debug|Any CPU
		{3D847980-DA4A-44C2-BDF9-330AE7DD56D2}.Debug|Any CPU.Build.0 = Debug|Any CPU
		{3D847980-DA4A-44C2-BDF9-330AE7DD56D2}.Release|Any CPU.ActiveCfg = Release|Any CPU
		{3D847980-DA4A-44C2-BDF9-330AE7DD56D2}.Release|Any CPU.Build.0 = Release|Any CPU
		{82CFC825-24BC-46A7-8306-1143F19650ED}.Debug|Any CPU.ActiveCfg = Debug|Any CPU
		{82CFC825-24BC-46A7-8306-1143F19650ED}.Debug|Any CPU.Build.0 = Debug|Any CPU
		{82CFC825-24BC-46A7-8306-1143F19650ED}.Release|Any CPU.ActiveCfg = Release|Any CPU
		{82CFC825-24BC-46A7-8306-1143F19650ED}.Release|Any CPU.Build.0 = Release|Any CPU
		{80DB6523-A893-423F-AA87-9D08DDBCA53F}.Debug|Any CPU.ActiveCfg = Debug|Any CPU
		{80DB6523-A893-423F-AA87-9D08DDBCA53F}.Debug|Any CPU.Build.0 = Debug|Any CPU
		{80DB6523-A893-423F-AA87-9D08DDBCA53F}.Release|Any CPU.ActiveCfg = Release|Any CPU
		{80DB6523-A893-423F-AA87-9D08DDBCA53F}.Release|Any CPU.Build.0 = Release|Any CPU
		{6A3F00DC-E131-4953-963A-47C35EA47620}.Debug|Any CPU.ActiveCfg = Debug|Any CPU
		{6A3F00DC-E131-4953-963A-47C35EA47620}.Debug|Any CPU.Build.0 = Debug|Any CPU
		{6A3F00DC-E131-4953-963A-47C35EA47620}.Release|Any CPU.ActiveCfg = Release|Any CPU
		{6A3F00DC-E131-4953-963A-47C35EA47620}.Release|Any CPU.Build.0 = Release|Any CPU
		{DF5DCBA2-D089-45CC-9E86-BC861F0129E9}.Debug|Any CPU.ActiveCfg = Debug|Any CPU
		{DF5DCBA2-D089-45CC-9E86-BC861F0129E9}.Debug|Any CPU.Build.0 = Debug|Any CPU
		{DF5DCBA2-D089-45CC-9E86-BC861F0129E9}.Release|Any CPU.ActiveCfg = Release|Any CPU
		{DF5DCBA2-D089-45CC-9E86-BC861F0129E9}.Release|Any CPU.Build.0 = Release|Any CPU
		{9FD88B2D-4E68-4F0D-A6D9-BCDC5DF9E705}.Debug|Any CPU.ActiveCfg = Debug|Any CPU
		{9FD88B2D-4E68-4F0D-A6D9-BCDC5DF9E705}.Debug|Any CPU.Build.0 = Debug|Any CPU
		{9FD88B2D-4E68-4F0D-A6D9-BCDC5DF9E705}.Release|Any CPU.ActiveCfg = Release|Any CPU
		{9FD88B2D-4E68-4F0D-A6D9-BCDC5DF9E705}.Release|Any CPU.Build.0 = Release|Any CPU
		{45F5F589-95E5-47EF-98C0-804C9DEB82C5}.Debug|Any CPU.ActiveCfg = Debug|Any CPU
		{45F5F589-95E5-47EF-98C0-804C9DEB82C5}.Debug|Any CPU.Build.0 = Debug|Any CPU
		{45F5F589-95E5-47EF-98C0-804C9DEB82C5}.Release|Any CPU.ActiveCfg = Release|Any CPU
		{45F5F589-95E5-47EF-98C0-804C9DEB82C5}.Release|Any CPU.Build.0 = Release|Any CPU
		{7D80F8B4-9A94-4464-98F7-9323372E40F0}.Debug|Any CPU.ActiveCfg = Debug|Any CPU
		{7D80F8B4-9A94-4464-98F7-9323372E40F0}.Debug|Any CPU.Build.0 = Debug|Any CPU
		{7D80F8B4-9A94-4464-98F7-9323372E40F0}.Release|Any CPU.ActiveCfg = Release|Any CPU
		{7D80F8B4-9A94-4464-98F7-9323372E40F0}.Release|Any CPU.Build.0 = Release|Any CPU
		{E40ED5BD-6464-4008-8443-FF19558C7F05}.Debug|Any CPU.ActiveCfg = Debug|Any CPU
		{E40ED5BD-6464-4008-8443-FF19558C7F05}.Debug|Any CPU.Build.0 = Debug|Any CPU
		{E40ED5BD-6464-4008-8443-FF19558C7F05}.Release|Any CPU.ActiveCfg = Release|Any CPU
		{E40ED5BD-6464-4008-8443-FF19558C7F05}.Release|Any CPU.Build.0 = Release|Any CPU
	EndGlobalSection
	GlobalSection(SolutionProperties) = preSolution
		HideSolutionNode = FALSE
	EndGlobalSection
	GlobalSection(ExtensibilityGlobals) = postSolution
		SolutionGuid = {374BC713-1826-47EA-AD40-B4ECC1071CB3}
	EndGlobalSection
EndGlobal
