
Microsoft Visual Studio Solution File, Format Version 12.00
# Visual Studio Version 17
VisualStudioVersion = 17.6.33723.286
MinimumVisualStudioVersion = 10.0.40219.1
Project("{FAE04EC0-301F-11D3-BF4B-00C04F79EFBC}") = "ExtensionMethodExample", "ExtensionMethodExample\ExtensionMethodExample.csproj", "{46BF9DB1-C81C-44C9-BB5D-EB956CFBC066}"
EndProject
Global
	GlobalSection(SolutionConfigurationPlatforms) = preSolution
		Debug|Any CPU = Debug|Any CPU
		Release|Any CPU = Release|Any CPU
	EndGlobalSection
	GlobalSection(ProjectConfigurationPlatforms) = postSolution
		{46BF9DB1-C81C-44C9-BB5D-EB956CFBC066}.Debug|Any CPU.ActiveCfg = Debug|Any CPU
		{46BF9DB1-C81C-44C9-BB5D-EB956CFBC066}.Debug|Any CPU.Build.0 = Debug|Any CPU
		{46BF9DB1-C81C-44C9-BB5D-EB956CFBC066}.Release|Any CPU.ActiveCfg = Release|Any CPU
		{46BF9DB1-C81C-44C9-BB5D-EB956CFBC066}.Release|Any CPU.Build.0 = Release|Any CPU
	EndGlobalSection
	GlobalSection(SolutionProperties) = preSolution
		HideSolutionNode = FALSE
	EndGlobalSection
	GlobalSection(ExtensibilityGlobals) = postSolution
		SolutionGuid = {0F2C8753-98EE-4977-9288-0406176AA6AA}
	EndGlobalSection
EndGlobal
