
Microsoft Visual Studio Solution File, Format Version 12.00
# Visual Studio Version 17
VisualStudioVersion = 17.6.33723.286
MinimumVisualStudioVersion = 10.0.40219.1
Project("{9A19103F-16F7-4668-BE54-9A1E7A4F7556}") = "DyanamicQueryExample", "DyanamicQueryExample\DyanamicQueryExample.csproj", "{C763C141-4E4D-4555-92CD-7E7D024636ED}"
EndProject
Project("{FAE04EC0-301F-11D3-BF4B-00C04F79EFBC}") = "PredicateExample", "PredicateExample\PredicateExample.csproj", "{70B6A26D-BA68-4B6B-9B08-283FC034CC12}"
EndProject
Global
	GlobalSection(SolutionConfigurationPlatforms) = preSolution
		Debug|Any CPU = Debug|Any CPU
		Release|Any CPU = Release|Any CPU
	EndGlobalSection
	GlobalSection(ProjectConfigurationPlatforms) = postSolution
		{C763C141-4E4D-4555-92CD-7E7D024636ED}.Debug|Any CPU.ActiveCfg = Debug|Any CPU
		{C763C141-4E4D-4555-92CD-7E7D024636ED}.Debug|Any CPU.Build.0 = Debug|Any CPU
		{C763C141-4E4D-4555-92CD-7E7D024636ED}.Release|Any CPU.ActiveCfg = Release|Any CPU
		{C763C141-4E4D-4555-92CD-7E7D024636ED}.Release|Any CPU.Build.0 = Release|Any CPU
		{70B6A26D-BA68-4B6B-9B08-283FC034CC12}.Debug|Any CPU.ActiveCfg = Debug|Any CPU
		{70B6A26D-BA68-4B6B-9B08-283FC034CC12}.Debug|Any CPU.Build.0 = Debug|Any CPU
		{70B6A26D-BA68-4B6B-9B08-283FC034CC12}.Release|Any CPU.ActiveCfg = Release|Any CPU
		{70B6A26D-BA68-4B6B-9B08-283FC034CC12}.Release|Any CPU.Build.0 = Release|Any CPU
	EndGlobalSection
	GlobalSection(SolutionProperties) = preSolution
		HideSolutionNode = FALSE
	EndGlobalSection
	GlobalSection(ExtensibilityGlobals) = postSolution
		SolutionGuid = {C5319D6C-BDBE-4A72-BAF1-3F12B22255AD}
	EndGlobalSection
EndGlobal
