
Microsoft Visual Studio Solution File, Format Version 12.00
# Visual Studio Version 17
VisualStudioVersion = 17.6.33723.286
MinimumVisualStudioVersion = 10.0.40219.1
Project("{FAE04EC0-301F-11D3-BF4B-00C04F79EFBC}") = "LamdaExpression", "LamdaExpression\LamdaExpression.csproj", "{11223560-95DD-4D35-AB78-9480F4B96405}"
EndProject
Global
	GlobalSection(SolutionConfigurationPlatforms) = preSolution
		Debug|Any CPU = Debug|Any CPU
		Release|Any CPU = Release|Any CPU
	EndGlobalSection
	GlobalSection(ProjectConfigurationPlatforms) = postSolution
		{11223560-95DD-4D35-AB78-9480F4B96405}.Debug|Any CPU.ActiveCfg = Debug|Any CPU
		{11223560-95DD-4D35-AB78-9480F4B96405}.Debug|Any CPU.Build.0 = Debug|Any CPU
		{11223560-95DD-4D35-AB78-9480F4B96405}.Release|Any CPU.ActiveCfg = Release|Any CPU
		{11223560-95DD-4D35-AB78-9480F4B96405}.Release|Any CPU.Build.0 = Release|Any CPU
	EndGlobalSection
	GlobalSection(SolutionProperties) = preSolution
		HideSolutionNode = FALSE
	EndGlobalSection
	GlobalSection(ExtensibilityGlobals) = postSolution
		SolutionGuid = {160A8131-9A78-4D62-B9C3-56DB9537F30A}
	EndGlobalSection
EndGlobal
