
Microsoft Visual Studio Solution File, Format Version 12.00
# Visual Studio Version 17
VisualStudioVersion = 17.6.33723.286
MinimumVisualStudioVersion = 10.0.40219.1
Project("{FAE04EC0-301F-11D3-BF4B-00C04F79EFBC}") = "Module1", "Module1\Module1.csproj", "{A14E9377-5D2E-4690-B2AD-638C24F8F78A}"
EndProject
Global
	GlobalSection(SolutionConfigurationPlatforms) = preSolution
		Debug|Any CPU = Debug|Any CPU
		Release|Any CPU = Release|Any CPU
	EndGlobalSection
	GlobalSection(ProjectConfigurationPlatforms) = postSolution
		{A14E9377-5D2E-4690-B2AD-638C24F8F78A}.Debug|Any CPU.ActiveCfg = Debug|Any CPU
		{A14E9377-5D2E-4690-B2AD-638C24F8F78A}.Debug|Any CPU.Build.0 = Debug|Any CPU
		{A14E9377-5D2E-4690-B2AD-638C24F8F78A}.Release|Any CPU.ActiveCfg = Release|Any CPU
		{A14E9377-5D2E-4690-B2AD-638C24F8F78A}.Release|Any CPU.Build.0 = Release|Any CPU
	EndGlobalSection
	GlobalSection(SolutionProperties) = preSolution
		HideSolutionNode = FALSE
	EndGlobalSection
	GlobalSection(ExtensibilityGlobals) = postSolution
		SolutionGuid = {B9817ECB-DB27-4F4F-9F47-B9DEB809BA04}
	EndGlobalSection
EndGlobal
